
Microsoft Visual Studio Solution File, Format Version 12.00
# Visual Studio Version 16
VisualStudioVersion = 16.0.32002.261
MinimumVisualStudioVersion = 10.0.40219.1
Project("{FAE04EC0-301F-11D3-BF4B-00C04F79EFBC}") = "AspNetCoreMVCApi_PL", "AspNetCoreMVCApi_PL\AspNetCoreMVCApi_PL.csproj", "{DD0842EF-8F29-4C04-951F-5C405EA97159}"
EndProject
Project("{FAE04EC0-301F-11D3-BF4B-00C04F79EFBC}") = "AspNetCoreMVCApi_EL", "AspNetCoreMVCApi_EL\AspNetCoreMVCApi_EL.csproj", "{1892590A-CC05-4498-BDF8-5811A80B6142}"
EndProject
Project("{FAE04EC0-301F-11D3-BF4B-00C04F79EFBC}") = "AspNetCoreMVCApi_BLL", "AspNetCoreMVCApi_BLL\AspNetCoreMVCApi_BLL.csproj", "{7839004E-EE39-411A-8034-6449EAFF1800}"
EndProject
Project("{FAE04EC0-301F-11D3-BF4B-00C04F79EFBC}") = "AspNetCoreMVCApi_DAL", "AspNetCoreMVCApi_DAL\AspNetCoreMVCApi_DAL.csproj", "{5D0A8258-ECCB-44C9-93AD-6646402F1572}"
EndProject
Global
	GlobalSection(SolutionConfigurationPlatforms) = preSolution
		Debug|Any CPU = Debug|Any CPU
		Release|Any CPU = Release|Any CPU
	EndGlobalSection
	GlobalSection(ProjectConfigurationPlatforms) = postSolution
		{DD0842EF-8F29-4C04-951F-5C405EA97159}.Debug|Any CPU.ActiveCfg = Debug|Any CPU
		{DD0842EF-8F29-4C04-951F-5C405EA97159}.Debug|Any CPU.Build.0 = Debug|Any CPU
		{DD0842EF-8F29-4C04-951F-5C405EA97159}.Release|Any CPU.ActiveCfg = Release|Any CPU
		{DD0842EF-8F29-4C04-951F-5C405EA97159}.Release|Any CPU.Build.0 = Release|Any CPU
		{1892590A-CC05-4498-BDF8-5811A80B6142}.Debug|Any CPU.ActiveCfg = Debug|Any CPU
		{1892590A-CC05-4498-BDF8-5811A80B6142}.Debug|Any CPU.Build.0 = Debug|Any CPU
		{1892590A-CC05-4498-BDF8-5811A80B6142}.Release|Any CPU.ActiveCfg = Release|Any CPU
		{1892590A-CC05-4498-BDF8-5811A80B6142}.Release|Any CPU.Build.0 = Release|Any CPU
		{7839004E-EE39-411A-8034-6449EAFF1800}.Debug|Any CPU.ActiveCfg = Debug|Any CPU
		{7839004E-EE39-411A-8034-6449EAFF1800}.Debug|Any CPU.Build.0 = Debug|Any CPU
		{7839004E-EE39-411A-8034-6449EAFF1800}.Release|Any CPU.ActiveCfg = Release|Any CPU
		{7839004E-EE39-411A-8034-6449EAFF1800}.Release|Any CPU.Build.0 = Release|Any CPU
		{5D0A8258-ECCB-44C9-93AD-6646402F1572}.Debug|Any CPU.ActiveCfg = Debug|Any CPU
		{5D0A8258-ECCB-44C9-93AD-6646402F1572}.Debug|Any CPU.Build.0 = Debug|Any CPU
		{5D0A8258-ECCB-44C9-93AD-6646402F1572}.Release|Any CPU.ActiveCfg = Release|Any CPU
		{5D0A8258-ECCB-44C9-93AD-6646402F1572}.Release|Any CPU.Build.0 = Release|Any CPU
	EndGlobalSection
	GlobalSection(SolutionProperties) = preSolution
		HideSolutionNode = FALSE
	EndGlobalSection
	GlobalSection(ExtensibilityGlobals) = postSolution
		SolutionGuid = {174C6D90-9C37-40B9-9C47-C15608E03D1E}
	EndGlobalSection
EndGlobal
